// !$*UTF8*$!
{
	archiveVersion = 1;
	classes = {
	};
	objectVersion = 46;
	objects = {

/* Begin PBXBuildFile section */
		1927464D1A91C05200AF36A5 /* Calculation.swift in Sources */ = {isa = PBXBuildFile; fileRef = 1927464C1A91C05200AF36A5 /* Calculation.swift */; };
		F45224141A899A9100AEEA9F /* AppDelegate.swift in Sources */ = {isa = PBXBuildFile; fileRef = F45224131A899A9100AEEA9F /* AppDelegate.swift */; };
		F45224161A899A9100AEEA9F /* ViewController.swift in Sources */ = {isa = PBXBuildFile; fileRef = F45224151A899A9100AEEA9F /* ViewController.swift */; };
		F45224191A899A9100AEEA9F /* Main.storyboard in Resources */ = {isa = PBXBuildFile; fileRef = F45224171A899A9100AEEA9F /* Main.storyboard */; };
		F452241B1A899A9100AEEA9F /* Images.xcassets in Resources */ = {isa = PBXBuildFile; fileRef = F452241A1A899A9100AEEA9F /* Images.xcassets */; };
		F452241E1A899A9100AEEA9F /* LaunchScreen.xib in Resources */ = {isa = PBXBuildFile; fileRef = F452241C1A899A9100AEEA9F /* LaunchScreen.xib */; };
		F452242A1A899A9100AEEA9F /* CalculatorTests.swift in Sources */ = {isa = PBXBuildFile; fileRef = F45224291A899A9100AEEA9F /* CalculatorTests.swift */; };
/* End PBXBuildFile section */

/* Begin PBXContainerItemProxy section */
		F45224241A899A9100AEEA9F /* PBXContainerItemProxy */ = {
			isa = PBXContainerItemProxy;
			containerPortal = F45224061A899A9100AEEA9F /* Project object */;
			proxyType = 1;
			remoteGlobalIDString = F452240D1A899A9100AEEA9F;
			remoteInfo = Calculator;
		};
/* End PBXContainerItemProxy section */

/* Begin PBXFileReference section */
		1927464C1A91C05200AF36A5 /* Calculation.swift */ = {isa = PBXFileReference; fileEncoding = 4; lastKnownFileType = sourcecode.swift; path = Calculation.swift; sourceTree = "<group>"; };
		F452240E1A899A9100AEEA9F /* Calculator.app */ = {isa = PBXFileReference; explicitFileType = wrapper.application; includeInIndex = 0; path = Calculator.app; sourceTree = BUILT_PRODUCTS_DIR; };
		F45224121A899A9100AEEA9F /* Info.plist */ = {isa = PBXFileReference; lastKnownFileType = text.plist.xml; path = Info.plist; sourceTree = "<group>"; };
		F45224131A899A9100AEEA9F /* AppDelegate.swift */ = {isa = PBXFileReference; lastKnownFileType = sourcecode.swift; path = AppDelegate.swift; sourceTree = "<group>"; };
		F45224151A899A9100AEEA9F /* ViewController.swift */ = {isa = PBXFileReference; lastKnownFileType = sourcecode.swift; path = ViewController.swift; sourceTree = "<group>"; };
		F45224181A899A9100AEEA9F /* Base */ = {isa = PBXFileReference; lastKnownFileType = file.storyboard; name = Base; path = Base.lproj/Main.storyboard; sourceTree = "<group>"; };
		F452241A1A899A9100AEEA9F /* Images.xcassets */ = {isa = PBXFileReference; lastKnownFileType = folder.assetcatalog; path = Images.xcassets; sourceTree = "<group>"; };
		F452241D1A899A9100AEEA9F /* Base */ = {isa = PBXFileReference; lastKnownFileType = file.xib; name = Base; path = Base.lproj/LaunchScreen.xib; sourceTree = "<group>"; };
		F45224231A899A9100AEEA9F /* CalculatorTests.xctest */ = {isa = PBXFileReference; explicitFileType = wrapper.cfbundle; includeInIndex = 0; path = CalculatorTests.xctest; sourceTree = BUILT_PRODUCTS_DIR; };
		F45224281A899A9100AEEA9F /* Info.plist */ = {isa = PBXFileReference; lastKnownFileType = text.plist.xml; path = Info.plist; sourceTree = "<group>"; };
		F45224291A899A9100AEEA9F /* CalculatorTests.swift */ = {isa = PBXFileReference; lastKnownFileType = sourcecode.swift; path = CalculatorTests.swift; sourceTree = "<group>"; };
/* End PBXFileReference section */

/* Begin PBXFrameworksBuildPhase section */
		F452240B1A899A9100AEEA9F /* Frameworks */ = {
			isa = PBXFrameworksBuildPhase;
			buildActionMask = 2147483647;
			files = (
			);
			runOnlyForDeploymentPostprocessing = 0;
		};
		F45224201A899A9100AEEA9F /* Frameworks */ = {
			isa = PBXFrameworksBuildPhase;
			buildActionMask = 2147483647;
			files = (
			);
			runOnlyForDeploymentPostprocessing = 0;
		};
/* End PBXFrameworksBuildPhase section */

/* Begin PBXGroup section */
		F45224051A899A9100AEEA9F = {
			isa = PBXGroup;
			children = (
				1927464C1A91C05200AF36A5 /* Calculation.swift */,
				F45224101A899A9100AEEA9F /* Calculator */,
				F45224261A899A9100AEEA9F /* CalculatorTests */,
				F452240F1A899A9100AEEA9F /* Products */,
			);
			sourceTree = "<group>";
		};
		F452240F1A899A9100AEEA9F /* Products */ = {
			isa = PBXGroup;
			children = (
				F452240E1A899A9100AEEA9F /* Calculator.app */,
				F45224231A899A9100AEEA9F /* CalculatorTests.xctest */,
			);
			name = Products;
			sourceTree = "<group>";
		};
		F45224101A899A9100AEEA9F /* Calculator */ = {
			isa = PBXGroup;
			children = (
				F45224131A899A9100AEEA9F /* AppDelegate.swift */,
				F45224151A899A9100AEEA9F /* ViewController.swift */,
				F45224171A899A9100AEEA9F /* Main.storyboard */,
				F452241A1A899A9100AEEA9F /* Images.xcassets */,
				F452241C1A899A9100AEEA9F /* LaunchScreen.xib */,
				F45224111A899A9100AEEA9F /* Supporting Files */,
			);
			path = Calculator;
			sourceTree = "<group>";
		};
		F45224111A899A9100AEEA9F /* Supporting Files */ = {
			isa = PBXGroup;
			children = (
				F45224121A899A9100AEEA9F /* Info.plist */,
			);
			name = "Supporting Files";
			sourceTree = "<group>";
		};
		F45224261A899A9100AEEA9F /* CalculatorTests */ = {
			isa = PBXGroup;
			children = (
				F45224291A899A9100AEEA9F /* CalculatorTests.swift */,
				F45224271A899A9100AEEA9F /* Supporting Files */,
			);
			path = CalculatorTests;
			sourceTree = "<group>";
		};
		F45224271A899A9100AEEA9F /* Supporting Files */ = {
			isa = PBXGroup;
			children = (
				F45224281A899A9100AEEA9F /* Info.plist */,
			);
			name = "Supporting Files";
			sourceTree = "<group>";
		};
/* End PBXGroup section */

/* Begin PBXNativeTarget section */
		F452240D1A899A9100AEEA9F /* Calculator */ = {
			isa = PBXNativeTarget;
			buildConfigurationList = F452242D1A899A9100AEEA9F /* Build configuration list for PBXNativeTarget "Calculator" */;
			buildPhases = (
				F452240A1A899A9100AEEA9F /* Sources */,
				F452240B1A899A9100AEEA9F /* Frameworks */,
				F452240C1A899A9100AEEA9F /* Resources */,
			);
			buildRules = (
			);
			dependencies = (
			);
			name = Calculator;
			productName = Calculator;
			productReference = F452240E1A899A9100AEEA9F /* Calculator.app */;
			productType = "com.apple.product-type.application";
		};
		F45224221A899A9100AEEA9F /* CalculatorTests */ = {
			isa = PBXNativeTarget;
			buildConfigurationList = F45224301A899A9100AEEA9F /* Build configuration list for PBXNativeTarget "CalculatorTests" */;
			buildPhases = (
				F452241F1A899A9100AEEA9F /* Sources */,
				F45224201A899A9100AEEA9F /* Frameworks */,
				F45224211A899A9100AEEA9F /* Resources */,
			);
			buildRules = (
			);
			dependencies = (
				F45224251A899A9100AEEA9F /* PBXTargetDependency */,
			);
			name = CalculatorTests;
			productName = CalculatorTests;
			productReference = F45224231A899A9100AEEA9F /* CalculatorTests.xctest */;
			productType = "com.apple.product-type.bundle.unit-test";
		};
/* End PBXNativeTarget section */

/* Begin PBXProject section */
		F45224061A899A9100AEEA9F /* Project object */ = {
			isa = PBXProject;
			attributes = {
				LastUpgradeCheck = 0610;
				ORGANIZATIONNAME = DB;
				TargetAttributes = {
					F452240D1A899A9100AEEA9F = {
						CreatedOnToolsVersion = 6.1.1;
					};
					F45224221A899A9100AEEA9F = {
						CreatedOnToolsVersion = 6.1.1;
						TestTargetID = F452240D1A899A9100AEEA9F;
					};
				};
			};
			buildConfigurationList = F45224091A899A9100AEEA9F /* Build configuration list for PBXProject "Calculator" */;
			compatibilityVersion = "Xcode 3.2";
			developmentRegion = English;
			hasScannedForEncodings = 0;
			knownRegions = (
				en,
				Base,
			);
			mainGroup = F45224051A899A9100AEEA9F;
			productRefGroup = F452240F1A899A9100AEEA9F /* Products */;
			projectDirPath = "";
			projectRoot = "";
			targets = (
				F452240D1A899A9100AEEA9F /* Calculator */,
				F45224221A899A9100AEEA9F /* CalculatorTests */,
			);
		};
/* End PBXProject section */

/* Begin PBXResourcesBuildPhase section */
		F452240C1A899A9100AEEA9F /* Resources */ = {
			isa = PBXResourcesBuildPhase;
			buildActionMask = 2147483647;
			files = (
				F45224191A899A9100AEEA9F /* Main.storyboard in Resources */,
				F452241E1A899A9100AEEA9F /* LaunchScreen.xib in Resources */,
				F452241B1A899A9100AEEA9F /* Images.xcassets in Resources */,
			);
			runOnlyForDeploymentPostprocessing = 0;
		};
		F45224211A899A9100AEEA9F /* Resources */ = {
			isa = PBXResourcesBuildPhase;
			buildActionMask = 2147483647;
			files = (
			);
			runOnlyForDeploymentPostprocessing = 0;
		};
/* End PBXResourcesBuildPhase section */

/* Begin PBXSourcesBuildPhase section */
		F452240A1A899A9100AEEA9F /* Sources */ = {
			isa = PBXSourcesBuildPhase;
			buildActionMask = 2147483647;
			files = (
				F45224161A899A9100AEEA9F /* ViewController.swift in Sources */,
				1927464D1A91C05200AF36A5 /* Calculation.swift in Sources */,
				F45224141A899A9100AEEA9F /* AppDelegate.swift in Sources */,
			);
			runOnlyForDeploymentPostprocessing = 0;
		};
		F452241F1A899A9100AEEA9F /* Sources */ = {
			isa = PBXSourcesBuildPhase;
			buildActionMask = 2147483647;
			files = (
				F452242A1A899A9100AEEA9F /* CalculatorTests.swift in Sources */,
			);
			runOnlyForDeploymentPostprocessing = 0;
		};
/* End PBXSourcesBuildPhase section */

/* Begin PBXTargetDependency section */
		F45224251A899A9100AEEA9F /* PBXTargetDependency */ = {
			isa = PBXTargetDependency;
			target = F452240D1A899A9100AEEA9F /* Calculator */;
			targetProxy = F45224241A899A9100AEEA9F /* PBXContainerItemProxy */;
		};
/* End PBXTargetDependency section */

/* Begin PBXVariantGroup section */
		F45224171A899A9100AEEA9F /* Main.storyboard */ = {
			isa = PBXVariantGroup;
			children = (
				F45224181A899A9100AEEA9F /* Base */,
			);
			name = Main.storyboard;
			sourceTree = "<group>";
		};
		F452241C1A899A9100AEEA9F /* LaunchScreen.xib */ = {
			isa = PBXVariantGroup;
			children = (
				F452241D1A899A9100AEEA9F /* Base */,
			);
			name = LaunchScreen.xib;
			sourceTree = "<group>";
		};
/* End PBXVariantGroup section */

/* Begin XCBuildConfiguration section */
		F452242B1A899A9100AEEA9F /* Debug */ = {
			isa = XCBuildConfiguration;
			buildSettings = {
				ALWAYS_SEARCH_USER_PATHS = NO;
				CLANG_CXX_LANGUAGE_STANDARD = "gnu++0x";
				CLANG_CXX_LIBRARY = "libc++";
				CLANG_ENABLE_MODULES = YES;
				CLANG_ENABLE_OBJC_ARC = YES;
				CLANG_WARN_BOOL_CONVERSION = YES;
				CLANG_WARN_CONSTANT_CONVERSION = YES;
				CLANG_WARN_DIRECT_OBJC_ISA_USAGE = YES_ERROR;
				CLANG_WARN_EMPTY_BODY = YES;
				CLANG_WARN_ENUM_CONVERSION = YES;
				CLANG_WARN_INT_CONVERSION = YES;
				CLANG_WARN_OBJC_ROOT_CLASS = YES_ERROR;
				CLANG_WARN_UNREACHABLE_CODE = YES;
				CLANG_WARN__DUPLICATE_METHOD_MATCH = YES;
				"CODE_SIGN_IDENTITY[sdk=iphoneos*]" = "iPhone Developer";
				COPY_PHASE_STRIP = NO;
				ENABLE_STRICT_OBJC_MSGSEND = YES;
				GCC_C_LANGUAGE_STANDARD = gnu99;
				GCC_DYNAMIC_NO_PIC = NO;
				GCC_OPTIMIZATION_LEVEL = 0;
				GCC_PREPROCESSOR_DEFINITIONS = (
					"DEBUG=1",
					"$(inherited)",
				);
				GCC_SYMBOLS_PRIVATE_EXTERN = NO;
				GCC_WARN_64_TO_32_BIT_CONVERSION = YES;
				GCC_WARN_ABOUT_RETURN_TYPE = YES_ERROR;
				GCC_WARN_UNDECLARED_SELECTOR = YES;
				GCC_WARN_UNINITIALIZED_AUTOS = YES_AGGRESSIVE;
				GCC_WARN_UNUSED_FUNCTION = YES;
				GCC_WARN_UNUSED_VARIABLE = YES;
				IPHONEOS_DEPLOYMENT_TARGET = 8.1;
				MTL_ENABLE_DEBUG_INFO = YES;
				ONLY_ACTIVE_ARCH = YES;
				SDKROOT = iphoneos;
				SWIFT_OPTIMIZATION_LEVEL = "-Onone";
			};
			name = Debug;
		};
		F452242C1A899A9100AEEA9F /* Release */ = {
			isa = XCBuildConfiguration;
			buildSettings = {
				ALWAYS_SEARCH_USER_PATHS = NO;
				CLANG_CXX_LANGUAGE_STANDARD = "gnu++0x";
				CLANG_CXX_LIBRARY = "libc++";
				CLANG_ENABLE_MODULES = YES;
				CLANG_ENABLE_OBJC_ARC = YES;
				CLANG_WARN_BOOL_CONVERSION = YES;
				CLANG_WARN_CONSTANT_CONVERSION = YES;
				CLANG_WARN_DIRECT_OBJC_ISA_USAGE = YES_ERROR;
				CLANG_WARN_EMPTY_BODY = YES;
				CLANG_WARN_ENUM_CONVERSION = YES;
				CLANG_WARN_INT_CONVERSION = YES;
				CLANG_WARN_OBJC_ROOT_CLASS = YES_ERROR;
				CLANG_WARN_UNREACHABLE_CODE = YES;
				CLANG_WARN__DUPLICATE_METHOD_MATCH = YES;
				"CODE_SIGN_IDENTITY[sdk=iphoneos*]" = "iPhone Developer";
				COPY_PHASE_STRIP = YES;
				ENABLE_NS_ASSERTIONS = NO;
				ENABLE_STRICT_OBJC_MSGSEND = YES;
				GCC_C_LANGUAGE_STANDARD = gnu99;
				GCC_WARN_64_TO_32_BIT_CONVERSION = YES;
				GCC_WARN_ABOUT_RETURN_TYPE = YES_ERROR;
				GCC_WARN_UNDECLARED_SELECTOR = YES;
				GCC_WARN_UNINITIALIZED_AUTOS = YES_AGGRESSIVE;
				GCC_WARN_UNUSED_FUNCTION = YES;
				GCC_WARN_UNUSED_VARIABLE = YES;
				IPHONEOS_DEPLOYMENT_TARGET = 8.1;
				MTL_ENABLE_DEBUG_INFO = NO;
				SDKROOT = iphoneos;
				VALIDATE_PRODUCT = YES;
			};
			name = Release;
		};
		F452242E1A899A9100AEEA9F /* Debug */ = {
			isa = XCBuildConfiguration;
			buildSettings = {
				ASSETCATALOG_COMPILER_APPICON_NAME = AppIcon;
				INFOPLIST_FILE = Calculator/Info.plist;
				LD_RUNPATH_SEARCH_PATHS = "$(inherited) @executable_path/Frameworks";
				PRODUCT_NAME = "$(TARGET_NAME)";
			};
			name = Debug;
		};
		F452242F1A899A9100AEEA9F /* Release */ = {
			isa = XCBuildConfiguration;
			buildSettings = {
				ASSETCATALOG_COMPILER_APPICON_NAME = AppIcon;
				INFOPLIST_FILE = Calculator/Info.plist;
				LD_RUNPATH_SEARCH_PATHS = "$(inherited) @executable_path/Frameworks";
				PRODUCT_NAME = "$(TARGET_NAME)";
			};
			name = Release;
		};
		F45224311A899A9100AEEA9F /* Debug */ = {
			isa = XCBuildConfiguration;
			buildSettings = {
				BUNDLE_LOADER = "$(TEST_HOST)";
				FRAMEWORK_SEARCH_PATHS = (
					"$(SDKROOT)/Developer/Library/Frameworks",
					"$(inherited)",
				);
				GCC_PREPROCESSOR_DEFINITIONS = (
					"DEBUG=1",
					"$(inherited)",
				);
				INFOPLIST_FILE = CalculatorTests/Info.plist;
				LD_RUNPATH_SEARCH_PATHS = "$(inherited) @executable_path/Frameworks @loader_path/Frameworks";
				PRODUCT_NAME = "$(TARGET_NAME)";
				TEST_HOST = "$(BUILT_PRODUCTS_DIR)/Calculator.app/Calculator";
			};
			name = Debug;
		};
		F45224321A899A9100AEEA9F /* Release */ = {
			isa = XCBuildConfiguration;
			buildSettings = {
				BUNDLE_LOADER = "$(TEST_HOST)";
				FRAMEWORK_SEARCH_PATHS = (
					"$(SDKROOT)/Developer/Library/Frameworks",
					"$(inherited)",
				);
				INFOPLIST_FILE = CalculatorTests/Info.plist;
				LD_RUNPATH_SEARCH_PATHS = "$(inherited) @executable_path/Frameworks @loader_path/Frameworks";
				PRODUCT_NAME = "$(TARGET_NAME)";
				TEST_HOST = "$(BUILT_PRODUCTS_DIR)/Calculator.app/Calculator";
			};
			name = Release;
		};
/* End XCBuildConfiguration section */

/* Begin XCConfigurationList section */
		F45224091A899A9100AEEA9F /* Build configuration list for PBXProject "Calculator" */ = {
			isa = XCConfigurationList;
			buildConfigurations = (
				F452242B1A899A9100AEEA9F /* Debug */,
				F452242C1A899A9100AEEA9F /* Release */,
			);
			defaultConfigurationIsVisible = 0;
			defaultConfigurationName = Release;
		};
		F452242D1A899A9100AEEA9F /* Build configuration list for PBXNativeTarget "Calculator" */ = {
			isa = XCConfigurationList;
			buildConfigurations = (
				F452242E1A899A9100AEEA9F /* Debug */,
				F452242F1A899A9100AEEA9F /* Release */,
			);
			defaultConfigurationIsVisible = 0;
			defaultConfigurationName = Release;
		};
		F45224301A899A9100AEEA9F /* Build configuration list for PBXNativeTarget "CalculatorTests" */ = {
			isa = XCConfigurationList;
			buildConfigurations = (
				F45224311A899A9100AEEA9F /* Debug */,
				F45224321A899A9100AEEA9F /* Release */,
			);
			defaultConfigurationIsVisible = 0;
			defaultConfigurationName = Release;
		};
/* End XCConfigurationList section */
	};
	rootObject = F45224061A899A9100AEEA9F /* Project object */;
}
